// !$*UTF8*$!
{
	archiveVersion = 1;
	classes = {
	};
	objectVersion = 50;
	objects = {

/* Begin PBXBuildFile section */
		381FB5D623308B5500D9CDE4 /* AppDelegate.m in Sources */ = {isa = PBXBuildFile; fileRef = 381FB5D523308B5500D9CDE4 /* AppDelegate.m */; };
		381FB5D923308B5500D9CDE4 /* ViewController.m in Sources */ = {isa = PBXBuildFile; fileRef = 381FB5D823308B5500D9CDE4 /* ViewController.m */; };
		381FB5DC23308B5500D9CDE4 /* Main.storyboard in Resources */ = {isa = PBXBuildFile; fileRef = 381FB5DA23308B5500D9CDE4 /* Main.storyboard */; };
		381FB5DE23308B5600D9CDE4 /* Assets.xcassets in Resources */ = {isa = PBXBuildFile; fileRef = 381FB5DD23308B5600D9CDE4 /* Assets.xcassets */; };
		381FB5E123308B5600D9CDE4 /* LaunchScreen.storyboard in Resources */ = {isa = PBXBuildFile; fileRef = 381FB5DF23308B5600D9CDE4 /* LaunchScreen.storyboard */; };
		381FB5E423308B5600D9CDE4 /* main.m in Sources */ = {isa = PBXBuildFile; fileRef = 381FB5E323308B5600D9CDE4 /* main.m */; };
		381FB5EE23308B5600D9CDE4 /* helloTests.m in Sources */ = {isa = PBXBuildFile; fileRef = 381FB5ED23308B5600D9CDE4 /* helloTests.m */; };
		381FB5F923308B5600D9CDE4 /* helloUITests.m in Sources */ = {isa = PBXBuildFile; fileRef = 381FB5F823308B5600D9CDE4 /* helloUITests.m */; };
/* End PBXBuildFile section */

/* Begin PBXContainerItemProxy section */
		381FB5EA23308B5600D9CDE4 /* PBXContainerItemProxy */ = {
			isa = PBXContainerItemProxy;
			containerPortal = 381FB5C923308B5500D9CDE4 /* Project object */;
			proxyType = 1;
			remoteGlobalIDString = 381FB5D023308B5500D9CDE4;
			remoteInfo = hello;
		};
		381FB5F523308B5600D9CDE4 /* PBXContainerItemProxy */ = {
			isa = PBXContainerItemProxy;
			containerPortal = 381FB5C923308B5500D9CDE4 /* Project object */;
			proxyType = 1;
			remoteGlobalIDString = 381FB5D023308B5500D9CDE4;
			remoteInfo = hello;
		};
/* End PBXContainerItemProxy section */

/* Begin PBXFileReference section */
		381FB5D123308B5500D9CDE4 /* hello.app */ = {isa = PBXFileReference; explicitFileType = wrapper.application; includeInIndex = 0; path = hello.app; sourceTree = BUILT_PRODUCTS_DIR; };
		381FB5D423308B5500D9CDE4 /* AppDelegate.h */ = {isa = PBXFileReference; lastKnownFileType = sourcecode.c.h; path = AppDelegate.h; sourceTree = "<group>"; };
		381FB5D523308B5500D9CDE4 /* AppDelegate.m */ = {isa = PBXFileReference; lastKnownFileType = sourcecode.c.objc; path = AppDelegate.m; sourceTree = "<group>"; };
		381FB5D723308B5500D9CDE4 /* ViewController.h */ = {isa = PBXFileReference; lastKnownFileType = sourcecode.c.h; path = ViewController.h; sourceTree = "<group>"; };
		381FB5D823308B5500D9CDE4 /* ViewController.m */ = {isa = PBXFileReference; lastKnownFileType = sourcecode.c.objc; path = ViewController.m; sourceTree = "<group>"; };
		381FB5DB23308B5500D9CDE4 /* Base */ = {isa = PBXFileReference; lastKnownFileType = file.storyboard; name = Base; path = Base.lproj/Main.storyboard; sourceTree = "<group>"; };
		381FB5DD23308B5600D9CDE4 /* Assets.xcassets */ = {isa = PBXFileReference; lastKnownFileType = folder.assetcatalog; path = Assets.xcassets; sourceTree = "<group>"; };
		381FB5E023308B5600D9CDE4 /* Base */ = {isa = PBXFileReference; lastKnownFileType = file.storyboard; name = Base; path = Base.lproj/LaunchScreen.storyboard; sourceTree = "<group>"; };
		381FB5E223308B5600D9CDE4 /* Info.plist */ = {isa = PBXFileReference; lastKnownFileType = text.plist.xml; path = Info.plist; sourceTree = "<group>"; };
		381FB5E323308B5600D9CDE4 /* main.m */ = {isa = PBXFileReference; lastKnownFileType = sourcecode.c.objc; path = main.m; sourceTree = "<group>"; };
		381FB5E923308B5600D9CDE4 /* helloTests.xctest */ = {isa = PBXFileReference; explicitFileType = wrapper.cfbundle; includeInIndex = 0; path = helloTests.xctest; sourceTree = BUILT_PRODUCTS_DIR; };
		381FB5ED23308B5600D9CDE4 /* helloTests.m */ = {isa = PBXFileReference; lastKnownFileType = sourcecode.c.objc; path = helloTests.m; sourceTree = "<group>"; };
		381FB5EF23308B5600D9CDE4 /* Info.plist */ = {isa = PBXFileReference; lastKnownFileType = text.plist.xml; path = Info.plist; sourceTree = "<group>"; };
		381FB5F423308B5600D9CDE4 /* helloUITests.xctest */ = {isa = PBXFileReference; explicitFileType = wrapper.cfbundle; includeInIndex = 0; path = helloUITests.xctest; sourceTree = BUILT_PRODUCTS_DIR; };
		381FB5F823308B5600D9CDE4 /* helloUITests.m */ = {isa = PBXFileReference; lastKnownFileType = sourcecode.c.objc; path = helloUITests.m; sourceTree = "<group>"; };
		381FB5FA23308B5600D9CDE4 /* Info.plist */ = {isa = PBXFileReference; lastKnownFileType = text.plist.xml; path = Info.plist; sourceTree = "<group>"; };
/* End PBXFileReference section */

/* Begin PBXFrameworksBuildPhase section */
		381FB5CE23308B5500D9CDE4 /* Frameworks */ = {
			isa = PBXFrameworksBuildPhase;
			buildActionMask = 2147483647;
			files = (
			);
			runOnlyForDeploymentPostprocessing = 0;
		};
		381FB5E623308B5600D9CDE4 /* Frameworks */ = {
			isa = PBXFrameworksBuildPhase;
			buildActionMask = 2147483647;
			files = (
			);
			runOnlyForDeploymentPostprocessing = 0;
		};
		381FB5F123308B5600D9CDE4 /* Frameworks */ = {
			isa = PBXFrameworksBuildPhase;
			buildActionMask = 2147483647;
			files = (
			);
			runOnlyForDeploymentPostprocessing = 0;
		};
/* End PBXFrameworksBuildPhase section */

/* Begin PBXGroup section */
		381FB5C823308B5500D9CDE4 = {
			isa = PBXGroup;
			children = (
				381FB5D323308B5500D9CDE4 /* hello */,
				381FB5EC23308B5600D9CDE4 /* helloTests */,
				381FB5F723308B5600D9CDE4 /* helloUITests */,
				381FB5D223308B5500D9CDE4 /* Products */,
			);
			sourceTree = "<group>";
		};
		381FB5D223308B5500D9CDE4 /* Products */ = {
			isa = PBXGroup;
			children = (
				381FB5D123308B5500D9CDE4 /* hello.app */,
				381FB5E923308B5600D9CDE4 /* helloTests.xctest */,
				381FB5F423308B5600D9CDE4 /* helloUITests.xctest */,
			);
			name = Products;
			sourceTree = "<group>";
		};
		381FB5D323308B5500D9CDE4 /* hello */ = {
			isa = PBXGroup;
			children = (
				381FB5D423308B5500D9CDE4 /* AppDelegate.h */,
				381FB5D523308B5500D9CDE4 /* AppDelegate.m */,
				381FB5D723308B5500D9CDE4 /* ViewController.h */,
				381FB5D823308B5500D9CDE4 /* ViewController.m */,
				381FB5DA23308B5500D9CDE4 /* Main.storyboard */,
				381FB5DD23308B5600D9CDE4 /* Assets.xcassets */,
				381FB5DF23308B5600D9CDE4 /* LaunchScreen.storyboard */,
				381FB5E223308B5600D9CDE4 /* Info.plist */,
				381FB5E323308B5600D9CDE4 /* main.m */,
			);
			path = hello;
			sourceTree = "<group>";
		};
		381FB5EC23308B5600D9CDE4 /* helloTests */ = {
			isa = PBXGroup;
			children = (
				381FB5ED23308B5600D9CDE4 /* helloTests.m */,
				381FB5EF23308B5600D9CDE4 /* Info.plist */,
			);
			path = helloTests;
			sourceTree = "<group>";
		};
		381FB5F723308B5600D9CDE4 /* helloUITests */ = {
			isa = PBXGroup;
			children = (
				381FB5F823308B5600D9CDE4 /* helloUITests.m */,
				381FB5FA23308B5600D9CDE4 /* Info.plist */,
			);
			path = helloUITests;
			sourceTree = "<group>";
		};
/* End PBXGroup section */

/* Begin PBXNativeTarget section */
		381FB5D023308B5500D9CDE4 /* hello */ = {
			isa = PBXNativeTarget;
			buildConfigurationList = 381FB5FD23308B5600D9CDE4 /* Build configuration list for PBXNativeTarget "hello" */;
			buildPhases = (
				381FB5CD23308B5500D9CDE4 /* Sources */,
				381FB5CE23308B5500D9CDE4 /* Frameworks */,
				381FB5CF23308B5500D9CDE4 /* Resources */,
			);
			buildRules = (
			);
			dependencies = (
			);
			name = hello;
			productName = hello;
			productReference = 381FB5D123308B5500D9CDE4 /* hello.app */;
			productType = "com.apple.product-type.application";
		};
		381FB5E823308B5600D9CDE4 /* helloTests */ = {
			isa = PBXNativeTarget;
			buildConfigurationList = 381FB60023308B5600D9CDE4 /* Build configuration list for PBXNativeTarget "helloTests" */;
			buildPhases = (
				381FB5E523308B5600D9CDE4 /* Sources */,
				381FB5E623308B5600D9CDE4 /* Frameworks */,
				381FB5E723308B5600D9CDE4 /* Resources */,
			);
			buildRules = (
			);
			dependencies = (
				381FB5EB23308B5600D9CDE4 /* PBXTargetDependency */,
			);
			name = helloTests;
			productName = helloTests;
			productReference = 381FB5E923308B5600D9CDE4 /* helloTests.xctest */;
			productType = "com.apple.product-type.bundle.unit-test";
		};
		381FB5F323308B5600D9CDE4 /* helloUITests */ = {
			isa = PBXNativeTarget;
			buildConfigurationList = 381FB60323308B5600D9CDE4 /* Build configuration list for PBXNativeTarget "helloUITests" */;
			buildPhases = (
				381FB5F023308B5600D9CDE4 /* Sources */,
				381FB5F123308B5600D9CDE4 /* Frameworks */,
				381FB5F223308B5600D9CDE4 /* Resources */,
			);
			buildRules = (
			);
			dependencies = (
				381FB5F623308B5600D9CDE4 /* PBXTargetDependency */,
			);
			name = helloUITests;
			productName = helloUITests;
			productReference = 381FB5F423308B5600D9CDE4 /* helloUITests.xctest */;
			productType = "com.apple.product-type.bundle.ui-testing";
		};
/* End PBXNativeTarget section */

/* Begin PBXProject section */
		381FB5C923308B5500D9CDE4 /* Project object */ = {
			isa = PBXProject;
			attributes = {
				LastUpgradeCheck = 1020;
				ORGANIZATIONNAME = kino;
				TargetAttributes = {
					381FB5D023308B5500D9CDE4 = {
						CreatedOnToolsVersion = 10.2.1;
					};
					381FB5E823308B5600D9CDE4 = {
						CreatedOnToolsVersion = 10.2.1;
						TestTargetID = 381FB5D023308B5500D9CDE4;
					};
					381FB5F323308B5600D9CDE4 = {
						CreatedOnToolsVersion = 10.2.1;
						TestTargetID = 381FB5D023308B5500D9CDE4;
					};
				};
			};
			buildConfigurationList = 381FB5CC23308B5500D9CDE4 /* Build configuration list for PBXProject "hello" */;
			compatibilityVersion = "Xcode 9.3";
			developmentRegion = en;
			hasScannedForEncodings = 0;
			knownRegions = (
				en,
				Base,
			);
			mainGroup = 381FB5C823308B5500D9CDE4;
			productRefGroup = 381FB5D223308B5500D9CDE4 /* Products */;
			projectDirPath = "";
			projectRoot = "";
			targets = (
				381FB5D023308B5500D9CDE4 /* hello */,
				381FB5E823308B5600D9CDE4 /* helloTests */,
				381FB5F323308B5600D9CDE4 /* helloUITests */,
			);
		};
/* End PBXProject section */

/* Begin PBXResourcesBuildPhase section */
		381FB5CF23308B5500D9CDE4 /* Resources */ = {
			isa = PBXResourcesBuildPhase;
			buildActionMask = 2147483647;
			files = (
				381FB5E123308B5600D9CDE4 /* LaunchScreen.storyboard in Resources */,
				381FB5DE23308B5600D9CDE4 /* Assets.xcassets in Resources */,
				381FB5DC23308B5500D9CDE4 /* Main.storyboard in Resources */,
			);
			runOnlyForDeploymentPostprocessing = 0;
		};
		381FB5E723308B5600D9CDE4 /* Resources */ = {
			isa = PBXResourcesBuildPhase;
			buildActionMask = 2147483647;
			files = (
			);
			runOnlyForDeploymentPostprocessing = 0;
		};
		381FB5F223308B5600D9CDE4 /* Resources */ = {
			isa = PBXResourcesBuildPhase;
			buildActionMask = 2147483647;
			files = (
			);
			runOnlyForDeploymentPostprocessing = 0;
		};
/* End PBXResourcesBuildPhase section */

/* Begin PBXSourcesBuildPhase section */
		381FB5CD23308B5500D9CDE4 /* Sources */ = {
			isa = PBXSourcesBuildPhase;
			buildActionMask = 2147483647;
			files = (
				381FB5D923308B5500D9CDE4 /* ViewController.m in Sources */,
				381FB5E423308B5600D9CDE4 /* main.m in Sources */,
				381FB5D623308B5500D9CDE4 /* AppDelegate.m in Sources */,
			);
			runOnlyForDeploymentPostprocessing = 0;
		};
		381FB5E523308B5600D9CDE4 /* Sources */ = {
			isa = PBXSourcesBuildPhase;
			buildActionMask = 2147483647;
			files = (
				381FB5EE23308B5600D9CDE4 /* helloTests.m in Sources */,
			);
			runOnlyForDeploymentPostprocessing = 0;
		};
		381FB5F023308B5600D9CDE4 /* Sources */ = {
			isa = PBXSourcesBuildPhase;
			buildActionMask = 2147483647;
			files = (
				381FB5F923308B5600D9CDE4 /* helloUITests.m in Sources */,
			);
			runOnlyForDeploymentPostprocessing = 0;
		};
/* End PBXSourcesBuildPhase section */

/* Begin PBXTargetDependency section */
		381FB5EB23308B5600D9CDE4 /* PBXTargetDependency */ = {
			isa = PBXTargetDependency;
			target = 381FB5D023308B5500D9CDE4 /* hello */;
			targetProxy = 381FB5EA23308B5600D9CDE4 /* PBXContainerItemProxy */;
		};
		381FB5F623308B5600D9CDE4 /* PBXTargetDependency */ = {
			isa = PBXTargetDependency;
			target = 381FB5D023308B5500D9CDE4 /* hello */;
			targetProxy = 381FB5F523308B5600D9CDE4 /* PBXContainerItemProxy */;
		};
/* End PBXTargetDependency section */

/* Begin PBXVariantGroup section */
		381FB5DA23308B5500D9CDE4 /* Main.storyboard */ = {
			isa = PBXVariantGroup;
			children = (
				381FB5DB23308B5500D9CDE4 /* Base */,
			);
			name = Main.storyboard;
			sourceTree = "<group>";
		};
		381FB5DF23308B5600D9CDE4 /* LaunchScreen.storyboard */ = {
			isa = PBXVariantGroup;
			children = (
				381FB5E023308B5600D9CDE4 /* Base */,
			);
			name = LaunchScreen.storyboard;
			sourceTree = "<group>";
		};
/* End PBXVariantGroup section */

/* Begin XCBuildConfiguration section */
		381FB5FB23308B5600D9CDE4 /* Debug */ = {
			isa = XCBuildConfiguration;
			buildSettings = {
				ALWAYS_SEARCH_USER_PATHS = NO;
				CLANG_ANALYZER_NONNULL = YES;
				CLANG_ANALYZER_NUMBER_OBJECT_CONVERSION = YES_AGGRESSIVE;
				CLANG_CXX_LANGUAGE_STANDARD = "gnu++14";
				CLANG_CXX_LIBRARY = "libc++";
				CLANG_ENABLE_MODULES = YES;
				CLANG_ENABLE_OBJC_ARC = YES;
				CLANG_ENABLE_OBJC_WEAK = YES;
				CLANG_WARN_BLOCK_CAPTURE_AUTORELEASING = YES;
				CLANG_WARN_BOOL_CONVERSION = YES;
				CLANG_WARN_COMMA = YES;
				CLANG_WARN_CONSTANT_CONVERSION = YES;
				CLANG_WARN_DEPRECATED_OBJC_IMPLEMENTATIONS = YES;
				CLANG_WARN_DIRECT_OBJC_ISA_USAGE = YES_ERROR;
				CLANG_WARN_DOCUMENTATION_COMMENTS = YES;
				CLANG_WARN_EMPTY_BODY = YES;
				CLANG_WARN_ENUM_CONVERSION = YES;
				CLANG_WARN_INFINITE_RECURSION = YES;
				CLANG_WARN_INT_CONVERSION = YES;
				CLANG_WARN_NON_LITERAL_NULL_CONVERSION = YES;
				CLANG_WARN_OBJC_IMPLICIT_RETAIN_SELF = YES;
				CLANG_WARN_OBJC_LITERAL_CONVERSION = YES;
				CLANG_WARN_OBJC_ROOT_CLASS = YES_ERROR;
				CLANG_WARN_RANGE_LOOP_ANALYSIS = YES;
				CLANG_WARN_STRICT_PROTOTYPES = YES;
				CLANG_WARN_SUSPICIOUS_MOVE = YES;
				CLANG_WARN_UNGUARDED_AVAILABILITY = YES_AGGRESSIVE;
				CLANG_WARN_UNREACHABLE_CODE = YES;
				CLANG_WARN__DUPLICATE_METHOD_MATCH = YES;
				CODE_SIGN_IDENTITY = "iPhone Developer";
				COPY_PHASE_STRIP = NO;
				DEBUG_INFORMATION_FORMAT = dwarf;
				ENABLE_STRICT_OBJC_MSGSEND = YES;
				ENABLE_TESTABILITY = YES;
				GCC_C_LANGUAGE_STANDARD = gnu11;
				GCC_DYNAMIC_NO_PIC = NO;
				GCC_NO_COMMON_BLOCKS = YES;
				GCC_OPTIMIZATION_LEVEL = 0;
				GCC_PREPROCESSOR_DEFINITIONS = (
					"DEBUG=1",
					"$(inherited)",
				);
				GCC_WARN_64_TO_32_BIT_CONVERSION = YES;
				GCC_WARN_ABOUT_RETURN_TYPE = YES_ERROR;
				GCC_WARN_UNDECLARED_SELECTOR = YES;
				GCC_WARN_UNINITIALIZED_AUTOS = YES_AGGRESSIVE;
				GCC_WARN_UNUSED_FUNCTION = YES;
				GCC_WARN_UNUSED_VARIABLE = YES;
				IPHONEOS_DEPLOYMENT_TARGET = 12.2;
				MTL_ENABLE_DEBUG_INFO = INCLUDE_SOURCE;
				MTL_FAST_MATH = YES;
				ONLY_ACTIVE_ARCH = YES;
				SDKROOT = iphoneos;
			};
			name = Debug;
		};
		381FB5FC23308B5600D9CDE4 /* Release */ = {
			isa = XCBuildConfiguration;
			buildSettings = {
				ALWAYS_SEARCH_USER_PATHS = NO;
				CLANG_ANALYZER_NONNULL = YES;
				CLANG_ANALYZER_NUMBER_OBJECT_CONVERSION = YES_AGGRESSIVE;
				CLANG_CXX_LANGUAGE_STANDARD = "gnu++14";
				CLANG_CXX_LIBRARY = "libc++";
				CLANG_ENABLE_MODULES = YES;
				CLANG_ENABLE_OBJC_ARC = YES;
				CLANG_ENABLE_OBJC_WEAK = YES;
				CLANG_WARN_BLOCK_CAPTURE_AUTORELEASING = YES;
				CLANG_WARN_BOOL_CONVERSION = YES;
				CLANG_WARN_COMMA = YES;
				CLANG_WARN_CONSTANT_CONVERSION = YES;
				CLANG_WARN_DEPRECATED_OBJC_IMPLEMENTATIONS = YES;
				CLANG_WARN_DIRECT_OBJC_ISA_USAGE = YES_ERROR;
				CLANG_WARN_DOCUMENTATION_COMMENTS = YES;
				CLANG_WARN_EMPTY_BODY = YES;
				CLANG_WARN_ENUM_CONVERSION = YES;
				CLANG_WARN_INFINITE_RECURSION = YES;
				CLANG_WARN_INT_CONVERSION = YES;
				CLANG_WARN_NON_LITERAL_NULL_CONVERSION = YES;
				CLANG_WARN_OBJC_IMPLICIT_RETAIN_SELF = YES;
				CLANG_WARN_OBJC_LITERAL_CONVERSION = YES;
				CLANG_WARN_OBJC_ROOT_CLASS = YES_ERROR;
				CLANG_WARN_RANGE_LOOP_ANALYSIS = YES;
				CLANG_WARN_STRICT_PROTOTYPES = YES;
				CLANG_WARN_SUSPICIOUS_MOVE = YES;
				CLANG_WARN_UNGUARDED_AVAILABILITY = YES_AGGRESSIVE;
				CLANG_WARN_UNREACHABLE_CODE = YES;
				CLANG_WARN__DUPLICATE_METHOD_MATCH = YES;
				CODE_SIGN_IDENTITY = "iPhone Developer";
				COPY_PHASE_STRIP = NO;
				DEBUG_INFORMATION_FORMAT = "dwarf-with-dsym";
				ENABLE_NS_ASSERTIONS = NO;
				ENABLE_STRICT_OBJC_MSGSEND = YES;
				GCC_C_LANGUAGE_STANDARD = gnu11;
				GCC_NO_COMMON_BLOCKS = YES;
				GCC_WARN_64_TO_32_BIT_CONVERSION = YES;
				GCC_WARN_ABOUT_RETURN_TYPE = YES_ERROR;
				GCC_WARN_UNDECLARED_SELECTOR = YES;
				GCC_WARN_UNINITIALIZED_AUTOS = YES_AGGRESSIVE;
				GCC_WARN_UNUSED_FUNCTION = YES;
				GCC_WARN_UNUSED_VARIABLE = YES;
				IPHONEOS_DEPLOYMENT_TARGET = 12.2;
				MTL_ENABLE_DEBUG_INFO = NO;
				MTL_FAST_MATH = YES;
				SDKROOT = iphoneos;
				VALIDATE_PRODUCT = YES;
			};
			name = Release;
		};
		381FB5FE23308B5600D9CDE4 /* Debug */ = {
			isa = XCBuildConfiguration;
			buildSettings = {
				ASSETCATALOG_COMPILER_APPICON_NAME = AppIcon;
				CODE_SIGN_STYLE = Automatic;
				DEVELOPMENT_TEAM = WQ85HAWGFA;
				INFOPLIST_FILE = hello/Info.plist;
				LD_RUNPATH_SEARCH_PATHS = (
					"$(inherited)",
					"@executable_path/Frameworks",
				);
				PRODUCT_BUNDLE_IDENTIFIER = com.sjt.hello;
				PRODUCT_NAME = "$(TARGET_NAME)";
				TARGETED_DEVICE_FAMILY = "1,2";
			};
			name = Debug;
		};
		381FB5FF23308B5600D9CDE4 /* Release */ = {
			isa = XCBuildConfiguration;
			buildSettings = {
				ASSETCATALOG_COMPILER_APPICON_NAME = AppIcon;
				CODE_SIGN_STYLE = Automatic;
				DEVELOPMENT_TEAM = WQ85HAWGFA;
				INFOPLIST_FILE = hello/Info.plist;
				LD_RUNPATH_SEARCH_PATHS = (
					"$(inherited)",
					"@executable_path/Frameworks",
				);
				PRODUCT_BUNDLE_IDENTIFIER = com.sjt.hello;
				PRODUCT_NAME = "$(TARGET_NAME)";
				TARGETED_DEVICE_FAMILY = "1,2";
			};
			name = Release;
		};
		381FB60123308B5600D9CDE4 /* Debug */ = {
			isa = XCBuildConfiguration;
			buildSettings = {
				BUNDLE_LOADER = "$(TEST_HOST)";
				CODE_SIGN_STYLE = Automatic;
				DEVELOPMENT_TEAM = WQ85HAWGFA;
				INFOPLIST_FILE = helloTests/Info.plist;
				LD_RUNPATH_SEARCH_PATHS = (
					"$(inherited)",
					"@executable_path/Frameworks",
					"@loader_path/Frameworks",
				);
				PRODUCT_BUNDLE_IDENTIFIER = com.sjt.helloTests;
				PRODUCT_NAME = "$(TARGET_NAME)";
				TARGETED_DEVICE_FAMILY = "1,2";
				TEST_HOST = "$(BUILT_PRODUCTS_DIR)/hello.app/hello";
			};
			name = Debug;
		};
		381FB60223308B5600D9CDE4 /* Release */ = {
			isa = XCBuildConfiguration;
			buildSettings = {
				BUNDLE_LOADER = "$(TEST_HOST)";
				CODE_SIGN_STYLE = Automatic;
				DEVELOPMENT_TEAM = WQ85HAWGFA;
				INFOPLIST_FILE = helloTests/Info.plist;
				LD_RUNPATH_SEARCH_PATHS = (
					"$(inherited)",
					"@executable_path/Frameworks",
					"@loader_path/Frameworks",
				);
				PRODUCT_BUNDLE_IDENTIFIER = com.sjt.helloTests;
				PRODUCT_NAME = "$(TARGET_NAME)";
				TARGETED_DEVICE_FAMILY = "1,2";
				TEST_HOST = "$(BUILT_PRODUCTS_DIR)/hello.app/hello";
			};
			name = Release;
		};
		381FB60423308B5600D9CDE4 /* Debug */ = {
			isa = XCBuildConfiguration;
			buildSettings = {
				CODE_SIGN_STYLE = Automatic;
				DEVELOPMENT_TEAM = WQ85HAWGFA;
				INFOPLIST_FILE = helloUITests/Info.plist;
				LD_RUNPATH_SEARCH_PATHS = (
					"$(inherited)",
					"@executable_path/Frameworks",
					"@loader_path/Frameworks",
				);
				PRODUCT_BUNDLE_IDENTIFIER = com.sjt.helloUITests;
				PRODUCT_NAME = "$(TARGET_NAME)";
				TARGETED_DEVICE_FAMILY = "1,2";
				TEST_TARGET_NAME = hello;
			};
			name = Debug;
		};
		381FB60523308B5600D9CDE4 /* Release */ = {
			isa = XCBuildConfiguration;
			buildSettings = {
				CODE_SIGN_STYLE = Automatic;
				DEVELOPMENT_TEAM = WQ85HAWGFA;
				INFOPLIST_FILE = helloUITests/Info.plist;
				LD_RUNPATH_SEARCH_PATHS = (
					"$(inherited)",
					"@executable_path/Frameworks",
					"@loader_path/Frameworks",
				);
				PRODUCT_BUNDLE_IDENTIFIER = com.sjt.helloUITests;
				PRODUCT_NAME = "$(TARGET_NAME)";
				TARGETED_DEVICE_FAMILY = "1,2";
				TEST_TARGET_NAME = hello;
			};
			name = Release;
		};
/* End XCBuildConfiguration section */

/* Begin XCConfigurationList section */
		381FB5CC23308B5500D9CDE4 /* Build configuration list for PBXProject "hello" */ = {
			isa = XCConfigurationList;
			buildConfigurations = (
				381FB5FB23308B5600D9CDE4 /* Debug */,
				381FB5FC23308B5600D9CDE4 /* Release */,
			);
			defaultConfigurationIsVisible = 0;
			defaultConfigurationName = Release;
		};
		381FB5FD23308B5600D9CDE4 /* Build configuration list for PBXNativeTarget "hello" */ = {
			isa = XCConfigurationList;
			buildConfigurations = (
				381FB5FE23308B5600D9CDE4 /* Debug */,
				381FB5FF23308B5600D9CDE4 /* Release */,
			);
			defaultConfigurationIsVisible = 0;
			defaultConfigurationName = Release;
		};
		381FB60023308B5600D9CDE4 /* Build configuration list for PBXNativeTarget "helloTests" */ = {
			isa = XCConfigurationList;
			buildConfigurations = (
				381FB60123308B5600D9CDE4 /* Debug */,
				381FB60223308B5600D9CDE4 /* Release */,
			);
			defaultConfigurationIsVisible = 0;
			defaultConfigurationName = Release;
		};
		381FB60323308B5600D9CDE4 /* Build configuration list for PBXNativeTarget "helloUITests" */ = {
			isa = XCConfigurationList;
			buildConfigurations = (
				381FB60423308B5600D9CDE4 /* Debug */,
				381FB60523308B5600D9CDE4 /* Release */,
			);
			defaultConfigurationIsVisible = 0;
			defaultConfigurationName = Release;
		};
/* End XCConfigurationList section */
	};
	rootObject = 381FB5C923308B5500D9CDE4 /* Project object */;
}
